
Microsoft Visual Studio Solution File, Format Version 12.00
# Visual Studio Version 17
VisualStudioVersion = 17.12.35506.116
MinimumVisualStudioVersion = 10.0.40219.1
Project("{FAE04EC0-301F-11D3-BF4B-00C04F79EFBC}") = "SKVectorIngest", "SKVectorIngest.csproj", "{894B83E2-2180-45FD-BFA2-1F4C5FAEF259}"
EndProject
Project("{FAE04EC0-301F-11D3-BF4B-00C04F79EFBC}") = "01", "..\..\01\01.csproj", "{1608BCFB-5471-43C7-97CD-F83F53B61CA2}"
EndProject
Global
	GlobalSection(SolutionConfigurationPlatforms) = preSolution
		Debug|Any CPU = Debug|Any CPU
		Release|Any CPU = Release|Any CPU
	EndGlobalSection
	GlobalSection(ProjectConfigurationPlatforms) = postSolution
		{894B83E2-2180-45FD-BFA2-1F4C5FAEF259}.Debug|Any CPU.ActiveCfg = Debug|Any CPU
		{894B83E2-2180-45FD-BFA2-1F4C5FAEF259}.Debug|Any CPU.Build.0 = Debug|Any CPU
		{894B83E2-2180-45FD-BFA2-1F4C5FAEF259}.Release|Any CPU.ActiveCfg = Release|Any CPU
		{894B83E2-2180-45FD-BFA2-1F4C5FAEF259}.Release|Any CPU.Build.0 = Release|Any CPU
		{1608BCFB-5471-43C7-97CD-F83F53B61CA2}.Debug|Any CPU.ActiveCfg = Debug|Any CPU
		{1608BCFB-5471-43C7-97CD-F83F53B61CA2}.Debug|Any CPU.Build.0 = Debug|Any CPU
		{1608BCFB-5471-43C7-97CD-F83F53B61CA2}.Release|Any CPU.ActiveCfg = Release|Any CPU
		{1608BCFB-5471-43C7-97CD-F83F53B61CA2}.Release|Any CPU.Build.0 = Release|Any CPU
	EndGlobalSection
	GlobalSection(SolutionProperties) = preSolution
		HideSolutionNode = FALSE
	EndGlobalSection
EndGlobal
